
Microsoft Visual Studio Solution File, Format Version 12.00
# Visual Studio 15
VisualStudioVersion = 15.0.27428.2011
MinimumVisualStudioVersion = 10.0.40219.1
Project("{F2A71F9B-5D33-465A-A702-920D77279786}") = "CPSC326_Recommendation_Engine", "CPSC326_Recommendation_Engine\CPSC326_Recommendation_Engine.fsproj", "{8C5BDB4A-50D4-4944-B040-466978F5ED0C}"
EndProject
Global
	GlobalSection(SolutionConfigurationPlatforms) = preSolution
		Debug|Any CPU = Debug|Any CPU
		Release|Any CPU = Release|Any CPU
	EndGlobalSection
	GlobalSection(ProjectConfigurationPlatforms) = postSolution
		{8C5BDB4A-50D4-4944-B040-466978F5ED0C}.Debug|Any CPU.ActiveCfg = Debug|Any CPU
		{8C5BDB4A-50D4-4944-B040-466978F5ED0C}.Debug|Any CPU.Build.0 = Debug|Any CPU
		{8C5BDB4A-50D4-4944-B040-466978F5ED0C}.Release|Any CPU.ActiveCfg = Release|Any CPU
		{8C5BDB4A-50D4-4944-B040-466978F5ED0C}.Release|Any CPU.Build.0 = Release|Any CPU
	EndGlobalSection
	GlobalSection(SolutionProperties) = preSolution
		HideSolutionNode = FALSE
	EndGlobalSection
	GlobalSection(ExtensibilityGlobals) = postSolution
		SolutionGuid = {DF8B2197-4785-45B1-85C4-B153B5671B9C}
	EndGlobalSection
EndGlobal
